{
    "_readme": [
        "This file locks the dependencies of your project to a known state",
        "Read more about it at http://getcomposer.org/doc/01-basic-usage.md#composer-lock-the-lock-file"
    ],
    "hash": "a8f3f2d03b53c205e761feef15db5cf9",
    "packages": [
        {
            "name": "hull/hull",
            "version": "dev-master",
            "source": {
                "type": "git",
                "url": "https://github.com/hull/hull-php.git",
                "reference": "c3f1f7e02dab73f7dbbcaf5a128bbff67e9545a4"
            },
            "dist": {
                "type": "zip",
                "url": "https://api.github.com/repos/hull/hull-php/zipball/c3f1f7e02dab73f7dbbcaf5a128bbff67e9545a4",
                "reference": "c3f1f7e02dab73f7dbbcaf5a128bbff67e9545a4",
                "shasum": ""
            },
            "type": "library",
            "autoload": {
                "psr-0": {
                    "Hull": ""
                }
            },
            "notification-url": "https://packagist.org/downloads/",
            "license": [
                "MIT"
            ],
            "authors": [
                {
                    "name": "Stephane Bellity",
                    "email": "stephane@hull.io"
                },
                {
                    "name": "Xavier Cambar",
                    "email": "xcambar@gmail.com"
                }
            ],
            "description": "Hull PHP SDK",
            "homepage": "http://github.com/hull/hull-php",
            "time": "2014-04-23 13:36:37"
        },
        {
            "name": "mandrill/mandrill",
            "version": "dev-master",
            "source": {
                "type": "git",
                "url": "https://bitbucket.org/mailchimp/mandrill-api-php.git",
                "reference": "e1eda7352f24f87908e4fc2d63ca79255479cbb2"
            },
            "dist": {
                "type": "zip",
                "url": "https://bitbucket.org/mailchimp/mandrill-api-php/get/e1eda7352f24f87908e4fc2d63ca79255479cbb2.zip",
                "reference": "e1eda7352f24f87908e4fc2d63ca79255479cbb2",
                "shasum": ""
            },
            "require": {
                "php": ">=5.2.0"
            },
            "type": "library",
            "autoload": {
                "psr-0": {
                    "Mandrill": "src/"
                }
            },
            "notification-url": "https://packagist.org/downloads/",
            "license": [
                "Apache-2.0"
            ],
            "authors": [
                {
                    "name": "Mandrill Devs",
                    "email": "community@mandrill.com",
                    "homepage": "http://mandrill.com",
                    "role": "Developer"
                }
            ],
            "description": "API client library for the Mandrill email as a service platform",
            "homepage": "https://bitbucket.org/mailchimp/mandrill-api-php",
            "keywords": [
                "api",
                "email"
            ],
            "time": "2014-02-07 20:15:24"
        }
    ],
    "packages-dev": [

    ],
    "aliases": [

    ],
    "minimum-stability": "stable",
    "stability-flags": {
        "hull/hull": 20,
        "mandrill/mandrill": 20
    },
    "platform": [

    ],
    "platform-dev": [

    ]
}
