{
    "hash": "b9f1e71fd06781540e9fd35806866b7a",
    "packages": [
        {
            "name": "facebook/php-sdk",
            "version": "v3.2.2",
            "source": {
                "type": "git",
                "url": "https://github.com/facebook/facebook-php-sdk.git",
                "reference": "v3.2.2"
            },
            "dist": {
                "type": "zip",
                "url": "https://api.github.com/repos/facebook/facebook-php-sdk/zipball/v3.2.2",
                "reference": "v3.2.2",
                "shasum": ""
            },
            "require": {
                "ext-curl": "*",
                "ext-json": "*",
                "php": ">=5.2.0"
            },
            "type": "library",
            "autoload": {
                "classmap": [
                    "src"
                ]
            },
            "notification-url": "https://packagist.org/downloads/",
            "license": [
                "Apache2"
            ],
            "authors": [
                {
                    "name": "Facebook",
                    "homepage": "https://github.com/facebook/facebook-php-sdk/contributors"
                }
            ],
            "description": "Facebook PHP SDK",
            "homepage": "https://github.com/facebook/facebook-php-sdk",
            "keywords": [
                "facebook",
                "sdk"
            ],
            "time": "2013-01-15 21:37:15"
        },
        {
            "name": "hull/hull-sdk",
            "version": "dev-master",
            "source": {
                "type": "git",
                "url": "https://github.com/hull/php-sdk.git",
                "reference": "356766df8e8c5c3e7db9c443c9e5cbfc46a62de3"
            },
            "dist": {
                "type": "zip",
                "url": "https://api.github.com/repos/hull/php-sdk/zipball/356766df8e8c5c3e7db9c443c9e5cbfc46a62de3",
                "reference": "356766df8e8c5c3e7db9c443c9e5cbfc46a62de3",
                "shasum": ""
            },
            "require": {
                "facebook/php-sdk": "*"
            },
            "type": "library",
            "autoload": {
                "psr-0": {
                    "Hull": "src/"
                }
            },
            "notification-url": "https://packagist.org/downloads/",
            "license": [
                "MIT"
            ],
            "authors": [
                {
                    "name": "Stephane Bellity",
                    "email": "stephane@hull.io"
                }
            ],
            "description": "Hull PHP SDK",
            "homepage": "http://github.com/hull/php-sdk",
            "time": "2013-03-22 13:14:02"
        },
        {
            "name": "mandrill/mandrill",
            "version": "dev-master",
            "source": {
                "type": "git",
                "url": "https://bitbucket.org/mailchimp/mandrill-api-php.git",
                "reference": "1.0.18"
            },
            "dist": {
                "type": "zip",
                "url": "https://bitbucket.org/mailchimp/mandrill-api-php/get/1.0.18.zip",
                "reference": "1.0.18",
                "shasum": ""
            },
            "require": {
                "php": ">=5.2.0"
            },
            "type": "library",
            "autoload": {
                "psr-0": {
                    "Mandrill": "src/"
                }
            },
            "notification-url": "https://packagist.org/downloads/",
            "license": [
                "MIT"
            ],
            "authors": [
                {
                    "name": "Mandrill Devs",
                    "email": "community@mandrill.com",
                    "homepage": "http://mandrill.com",
                    "role": "Developer"
                }
            ],
            "description": "API client library for the Mandrill email as a service platform",
            "homepage": "https://bitbucket.org/mailchimp/mandrill-api-php",
            "keywords": [
                "api",
                "email"
            ],
            "time": "2013-03-15 17:27:00"
        }
    ],
    "packages-dev": [

    ],
    "aliases": [

    ],
    "minimum-stability": "stable",
    "stability-flags": {
        "hull/hull-sdk": 20,
        "mandrill/mandrill": 20
    },
    "platform": [

    ],
    "platform-dev": [

    ]
}
